// !$*UTF8*$!
{
	archiveVersion = 1;
	classes = {
	};
	objectVersion = 56;
	objects = {

/* Begin PBXBuildFile section */
		551D61B22B4E27ED0066F1F1 /* Localizable.strings in Resources */ = {isa = PBXBuildFile; fileRef = 551D61B02B4E27ED0066F1F1 /* Localizable.strings */; };
		551D61B72B4E28340066F1F1 /* Localizable.strings in Resources */ = {isa = PBXBuildFile; fileRef = 551D61B52B4E28340066F1F1 /* Localizable.strings */; };
		551D61BA2B4E28450066F1F1 /* Localizable.strings in Resources */ = {isa = PBXBuildFile; fileRef = 551D61B82B4E28450066F1F1 /* Localizable.strings */; };
		551D61BE2B4E2C2A0066F1F1 /* UpdateModalView.swift in Sources */ = {isa = PBXBuildFile; fileRef = 551D61BD2B4E2C2A0066F1F1 /* UpdateModalView.swift */; };
		551D61C12B4E2E250066F1F1 /* AppVersionManager.swift in Sources */ = {isa = PBXBuildFile; fileRef = 551D61C02B4E2E250066F1F1 /* AppVersionManager.swift */; };
		551D61C32B4E3DD30066F1F1 /* CategoryView.swift in Sources */ = {isa = PBXBuildFile; fileRef = 551D61C22B4E3DD30066F1F1 /* CategoryView.swift */; };
		551D61C62B4E4ED20066F1F1 /* NewCategoryModalView.swift in Sources */ = {isa = PBXBuildFile; fileRef = 551D61C52B4E4ED20066F1F1 /* NewCategoryModalView.swift */; };
		551D61C82B4E4F150066F1F1 /* SettingsModalView.swift in Sources */ = {isa = PBXBuildFile; fileRef = 551D61C72B4E4F150066F1F1 /* SettingsModalView.swift */; };
		551D61CA2B4E56670066F1F1 /* AppAppearanceManager.swift in Sources */ = {isa = PBXBuildFile; fileRef = 551D61C92B4E56670066F1F1 /* AppAppearanceManager.swift */; };
		551D61CD2B4E59150066F1F1 /* ThemeChangeView.swift in Sources */ = {isa = PBXBuildFile; fileRef = 551D61CC2B4E59150066F1F1 /* ThemeChangeView.swift */; };
		55BB4E932B4E67AD00836422 /* LanguageManager.swift in Sources */ = {isa = PBXBuildFile; fileRef = 55BB4E922B4E67AD00836422 /* LanguageManager.swift */; };
		55E387BF2B48CDF100147F6B /* QuantifyApp.swift in Sources */ = {isa = PBXBuildFile; fileRef = 55E387BE2B48CDF100147F6B /* QuantifyApp.swift */; };
		55E387C12B48CDF100147F6B /* ContentView.swift in Sources */ = {isa = PBXBuildFile; fileRef = 55E387C02B48CDF100147F6B /* ContentView.swift */; };
		55E387C32B48CDF200147F6B /* Assets.xcassets in Resources */ = {isa = PBXBuildFile; fileRef = 55E387C22B48CDF200147F6B /* Assets.xcassets */; };
		55E387C62B48CDF200147F6B /* Preview Assets.xcassets in Resources */ = {isa = PBXBuildFile; fileRef = 55E387C52B48CDF200147F6B /* Preview Assets.xcassets */; };
		55E387D02B48CDF200147F6B /* QuantifyTests.swift in Sources */ = {isa = PBXBuildFile; fileRef = 55E387CF2B48CDF200147F6B /* QuantifyTests.swift */; };
		55E387DA2B48CDF200147F6B /* QuantifyUITests.swift in Sources */ = {isa = PBXBuildFile; fileRef = 55E387D92B48CDF200147F6B /* QuantifyUITests.swift */; };
		55E387DC2B48CDF200147F6B /* QuantifyUITestsLaunchTests.swift in Sources */ = {isa = PBXBuildFile; fileRef = 55E387DB2B48CDF200147F6B /* QuantifyUITestsLaunchTests.swift */; };
/* End PBXBuildFile section */

/* Begin PBXContainerItemProxy section */
		55E387CC2B48CDF200147F6B /* PBXContainerItemProxy */ = {
			isa = PBXContainerItemProxy;
			containerPortal = 55E387B32B48CDF100147F6B /* Project object */;
			proxyType = 1;
			remoteGlobalIDString = 55E387BA2B48CDF100147F6B;
			remoteInfo = Counting;
		};
		55E387D62B48CDF200147F6B /* PBXContainerItemProxy */ = {
			isa = PBXContainerItemProxy;
			containerPortal = 55E387B32B48CDF100147F6B /* Project object */;
			proxyType = 1;
			remoteGlobalIDString = 55E387BA2B48CDF100147F6B;
			remoteInfo = Counting;
		};
/* End PBXContainerItemProxy section */

/* Begin PBXFileReference section */
		551D61B12B4E27ED0066F1F1 /* en */ = {isa = PBXFileReference; lastKnownFileType = text.plist.strings; name = en; path = Localizable.strings; sourceTree = "<group>"; };
		551D61B62B4E28340066F1F1 /* de */ = {isa = PBXFileReference; lastKnownFileType = text.plist.strings; name = de; path = Localizable.strings; sourceTree = "<group>"; };
		551D61B92B4E28450066F1F1 /* hu */ = {isa = PBXFileReference; lastKnownFileType = text.plist.strings; name = hu; path = Localizable.strings; sourceTree = "<group>"; };
		551D61BD2B4E2C2A0066F1F1 /* UpdateModalView.swift */ = {isa = PBXFileReference; lastKnownFileType = sourcecode.swift; path = UpdateModalView.swift; sourceTree = "<group>"; };
		551D61C02B4E2E250066F1F1 /* AppVersionManager.swift */ = {isa = PBXFileReference; lastKnownFileType = sourcecode.swift; path = AppVersionManager.swift; sourceTree = "<group>"; };
		551D61C22B4E3DD30066F1F1 /* CategoryView.swift */ = {isa = PBXFileReference; lastKnownFileType = sourcecode.swift; path = CategoryView.swift; sourceTree = "<group>"; };
		551D61C52B4E4ED20066F1F1 /* NewCategoryModalView.swift */ = {isa = PBXFileReference; lastKnownFileType = sourcecode.swift; path = NewCategoryModalView.swift; sourceTree = "<group>"; };
		551D61C72B4E4F150066F1F1 /* SettingsModalView.swift */ = {isa = PBXFileReference; lastKnownFileType = sourcecode.swift; path = SettingsModalView.swift; sourceTree = "<group>"; };
		551D61C92B4E56670066F1F1 /* AppAppearanceManager.swift */ = {isa = PBXFileReference; lastKnownFileType = sourcecode.swift; path = AppAppearanceManager.swift; sourceTree = "<group>"; };
		551D61CC2B4E59150066F1F1 /* ThemeChangeView.swift */ = {isa = PBXFileReference; lastKnownFileType = sourcecode.swift; path = ThemeChangeView.swift; sourceTree = "<group>"; };
		55BB4E922B4E67AD00836422 /* LanguageManager.swift */ = {isa = PBXFileReference; lastKnownFileType = sourcecode.swift; path = LanguageManager.swift; sourceTree = "<group>"; };
		55E387BB2B48CDF100147F6B /* Quantify.app */ = {isa = PBXFileReference; explicitFileType = wrapper.application; includeInIndex = 0; path = Quantify.app; sourceTree = BUILT_PRODUCTS_DIR; };
		55E387BE2B48CDF100147F6B /* QuantifyApp.swift */ = {isa = PBXFileReference; lastKnownFileType = sourcecode.swift; path = QuantifyApp.swift; sourceTree = "<group>"; };
		55E387C02B48CDF100147F6B /* ContentView.swift */ = {isa = PBXFileReference; lastKnownFileType = sourcecode.swift; path = ContentView.swift; sourceTree = "<group>"; };
		55E387C22B48CDF200147F6B /* Assets.xcassets */ = {isa = PBXFileReference; lastKnownFileType = folder.assetcatalog; path = Assets.xcassets; sourceTree = "<group>"; };
		55E387C52B48CDF200147F6B /* Preview Assets.xcassets */ = {isa = PBXFileReference; lastKnownFileType = folder.assetcatalog; path = "Preview Assets.xcassets"; sourceTree = "<group>"; };
		55E387CB2B48CDF200147F6B /* QuantifyTests.xctest */ = {isa = PBXFileReference; explicitFileType = wrapper.cfbundle; includeInIndex = 0; path = QuantifyTests.xctest; sourceTree = BUILT_PRODUCTS_DIR; };
		55E387CF2B48CDF200147F6B /* QuantifyTests.swift */ = {isa = PBXFileReference; lastKnownFileType = sourcecode.swift; path = QuantifyTests.swift; sourceTree = "<group>"; };
		55E387D52B48CDF200147F6B /* QuantifyUITests.xctest */ = {isa = PBXFileReference; explicitFileType = wrapper.cfbundle; includeInIndex = 0; path = QuantifyUITests.xctest; sourceTree = BUILT_PRODUCTS_DIR; };
		55E387D92B48CDF200147F6B /* QuantifyUITests.swift */ = {isa = PBXFileReference; lastKnownFileType = sourcecode.swift; path = QuantifyUITests.swift; sourceTree = "<group>"; };
		55E387DB2B48CDF200147F6B /* QuantifyUITestsLaunchTests.swift */ = {isa = PBXFileReference; lastKnownFileType = sourcecode.swift; path = QuantifyUITestsLaunchTests.swift; sourceTree = "<group>"; };
/* End PBXFileReference section */

/* Begin PBXFrameworksBuildPhase section */
		55E387B82B48CDF100147F6B /* Frameworks */ = {
			isa = PBXFrameworksBuildPhase;
			buildActionMask = 2147483647;
			files = (
			);
			runOnlyForDeploymentPostprocessing = 0;
		};
		55E387C82B48CDF200147F6B /* Frameworks */ = {
			isa = PBXFrameworksBuildPhase;
			buildActionMask = 2147483647;
			files = (
			);
			runOnlyForDeploymentPostprocessing = 0;
		};
		55E387D22B48CDF200147F6B /* Frameworks */ = {
			isa = PBXFrameworksBuildPhase;
			buildActionMask = 2147483647;
			files = (
			);
			runOnlyForDeploymentPostprocessing = 0;
		};
/* End PBXFrameworksBuildPhase section */

/* Begin PBXGroup section */
		551D61AE2B4E27A20066F1F1 /* localizations */ = {
			isa = PBXGroup;
			children = (
				551D61B42B4E280E0066F1F1 /* hu.lproj */,
				551D61B32B4E27FD0066F1F1 /* de.lproj */,
				551D61AF2B4E27B80066F1F1 /* en.lproj */,
			);
			path = localizations;
			sourceTree = "<group>";
		};
		551D61AF2B4E27B80066F1F1 /* en.lproj */ = {
			isa = PBXGroup;
			children = (
				551D61B02B4E27ED0066F1F1 /* Localizable.strings */,
			);
			path = en.lproj;
			sourceTree = "<group>";
		};
		551D61B32B4E27FD0066F1F1 /* de.lproj */ = {
			isa = PBXGroup;
			children = (
				551D61B52B4E28340066F1F1 /* Localizable.strings */,
			);
			path = de.lproj;
			sourceTree = "<group>";
		};
		551D61B42B4E280E0066F1F1 /* hu.lproj */ = {
			isa = PBXGroup;
			children = (
				551D61B82B4E28450066F1F1 /* Localizable.strings */,
			);
			path = hu.lproj;
			sourceTree = "<group>";
		};
		551D61BC2B4E2C1C0066F1F1 /* Views */ = {
			isa = PBXGroup;
			children = (
				551D61CB2B4E59070066F1F1 /* Helpers */,
				551D61C42B4E4EC30066F1F1 /* Modals */,
				55E387C02B48CDF100147F6B /* ContentView.swift */,
				551D61C22B4E3DD30066F1F1 /* CategoryView.swift */,
			);
			path = Views;
			sourceTree = "<group>";
		};
		551D61BF2B4E2E110066F1F1 /* Utilities */ = {
			isa = PBXGroup;
			children = (
				551D61C02B4E2E250066F1F1 /* AppVersionManager.swift */,
				551D61C92B4E56670066F1F1 /* AppAppearanceManager.swift */,
				55BB4E922B4E67AD00836422 /* LanguageManager.swift */,
			);
			path = Utilities;
			sourceTree = "<group>";
		};
		551D61C42B4E4EC30066F1F1 /* Modals */ = {
			isa = PBXGroup;
			children = (
				551D61BD2B4E2C2A0066F1F1 /* UpdateModalView.swift */,
				551D61C52B4E4ED20066F1F1 /* NewCategoryModalView.swift */,
				551D61C72B4E4F150066F1F1 /* SettingsModalView.swift */,
			);
			path = Modals;
			sourceTree = "<group>";
		};
		551D61CB2B4E59070066F1F1 /* Helpers */ = {
			isa = PBXGroup;
			children = (
				551D61CC2B4E59150066F1F1 /* ThemeChangeView.swift */,
			);
			path = Helpers;
			sourceTree = "<group>";
		};
		55E387B22B48CDF100147F6B = {
			isa = PBXGroup;
			children = (
				551D61BF2B4E2E110066F1F1 /* Utilities */,
				55E387BD2B48CDF100147F6B /* Quantify */,
				55E387CE2B48CDF200147F6B /* QuantifyTests */,
				55E387D82B48CDF200147F6B /* QuantifyUITests */,
				55E387BC2B48CDF100147F6B /* Products */,
			);
			sourceTree = "<group>";
		};
		55E387BC2B48CDF100147F6B /* Products */ = {
			isa = PBXGroup;
			children = (
				55E387BB2B48CDF100147F6B /* Quantify.app */,
				55E387CB2B48CDF200147F6B /* QuantifyTests.xctest */,
				55E387D52B48CDF200147F6B /* QuantifyUITests.xctest */,
			);
			name = Products;
			sourceTree = "<group>";
		};
		55E387BD2B48CDF100147F6B /* Quantify */ = {
			isa = PBXGroup;
			children = (
				551D61AE2B4E27A20066F1F1 /* localizations */,
				551D61BC2B4E2C1C0066F1F1 /* Views */,
				55E387BE2B48CDF100147F6B /* QuantifyApp.swift */,
				55E387C22B48CDF200147F6B /* Assets.xcassets */,
				55E387C42B48CDF200147F6B /* Preview Content */,
			);
			path = Quantify;
			sourceTree = "<group>";
		};
		55E387C42B48CDF200147F6B /* Preview Content */ = {
			isa = PBXGroup;
			children = (
				55E387C52B48CDF200147F6B /* Preview Assets.xcassets */,
			);
			path = "Preview Content";
			sourceTree = "<group>";
		};
		55E387CE2B48CDF200147F6B /* QuantifyTests */ = {
			isa = PBXGroup;
			children = (
				55E387CF2B48CDF200147F6B /* QuantifyTests.swift */,
			);
			path = QuantifyTests;
			sourceTree = "<group>";
		};
		55E387D82B48CDF200147F6B /* QuantifyUITests */ = {
			isa = PBXGroup;
			children = (
				55E387D92B48CDF200147F6B /* QuantifyUITests.swift */,
				55E387DB2B48CDF200147F6B /* QuantifyUITestsLaunchTests.swift */,
			);
			path = QuantifyUITests;
			sourceTree = "<group>";
		};
/* End PBXGroup section */

/* Begin PBXNativeTarget section */
		55E387BA2B48CDF100147F6B /* Quantify */ = {
			isa = PBXNativeTarget;
			buildConfigurationList = 55E387DF2B48CDF200147F6B /* Build configuration list for PBXNativeTarget "Quantify" */;
			buildPhases = (
				55E387B72B48CDF100147F6B /* Sources */,
				55E387B82B48CDF100147F6B /* Frameworks */,
				55E387B92B48CDF100147F6B /* Resources */,
			);
			buildRules = (
			);
			dependencies = (
			);
			name = Quantify;
			productName = Counting;
			productReference = 55E387BB2B48CDF100147F6B /* Quantify.app */;
			productType = "com.apple.product-type.application";
		};
		55E387CA2B48CDF200147F6B /* QuantifyTests */ = {
			isa = PBXNativeTarget;
			buildConfigurationList = 55E387E22B48CDF200147F6B /* Build configuration list for PBXNativeTarget "QuantifyTests" */;
			buildPhases = (
				55E387C72B48CDF200147F6B /* Sources */,
				55E387C82B48CDF200147F6B /* Frameworks */,
				55E387C92B48CDF200147F6B /* Resources */,
			);
			buildRules = (
			);
			dependencies = (
				55E387CD2B48CDF200147F6B /* PBXTargetDependency */,
			);
			name = QuantifyTests;
			productName = CountingTests;
			productReference = 55E387CB2B48CDF200147F6B /* QuantifyTests.xctest */;
			productType = "com.apple.product-type.bundle.unit-test";
		};
		55E387D42B48CDF200147F6B /* QuantifyUITests */ = {
			isa = PBXNativeTarget;
			buildConfigurationList = 55E387E52B48CDF200147F6B /* Build configuration list for PBXNativeTarget "QuantifyUITests" */;
			buildPhases = (
				55E387D12B48CDF200147F6B /* Sources */,
				55E387D22B48CDF200147F6B /* Frameworks */,
				55E387D32B48CDF200147F6B /* Resources */,
			);
			buildRules = (
			);
			dependencies = (
				55E387D72B48CDF200147F6B /* PBXTargetDependency */,
			);
			name = QuantifyUITests;
			productName = CountingUITests;
			productReference = 55E387D52B48CDF200147F6B /* QuantifyUITests.xctest */;
			productType = "com.apple.product-type.bundle.ui-testing";
		};
/* End PBXNativeTarget section */

/* Begin PBXProject section */
		55E387B32B48CDF100147F6B /* Project object */ = {
			isa = PBXProject;
			attributes = {
				BuildIndependentTargetsInParallel = 1;
				LastSwiftUpdateCheck = 1510;
				LastUpgradeCheck = 1510;
				TargetAttributes = {
					55E387BA2B48CDF100147F6B = {
						CreatedOnToolsVersion = 15.1;
					};
					55E387CA2B48CDF200147F6B = {
						CreatedOnToolsVersion = 15.1;
						TestTargetID = 55E387BA2B48CDF100147F6B;
					};
					55E387D42B48CDF200147F6B = {
						CreatedOnToolsVersion = 15.1;
						TestTargetID = 55E387BA2B48CDF100147F6B;
					};
				};
			};
			buildConfigurationList = 55E387B62B48CDF100147F6B /* Build configuration list for PBXProject "Quantify" */;
			compatibilityVersion = "Xcode 14.0";
			developmentRegion = en;
			hasScannedForEncodings = 0;
			knownRegions = (
				en,
				de,
				hu,
				Base,
			);
			mainGroup = 55E387B22B48CDF100147F6B;
			productRefGroup = 55E387BC2B48CDF100147F6B /* Products */;
			projectDirPath = "";
			projectRoot = "";
			targets = (
				55E387BA2B48CDF100147F6B /* Quantify */,
				55E387CA2B48CDF200147F6B /* QuantifyTests */,
				55E387D42B48CDF200147F6B /* QuantifyUITests */,
			);
		};
/* End PBXProject section */

/* Begin PBXResourcesBuildPhase section */
		55E387B92B48CDF100147F6B /* Resources */ = {
			isa = PBXResourcesBuildPhase;
			buildActionMask = 2147483647;
			files = (
				551D61BA2B4E28450066F1F1 /* Localizable.strings in Resources */,
				55E387C62B48CDF200147F6B /* Preview Assets.xcassets in Resources */,
				551D61B72B4E28340066F1F1 /* Localizable.strings in Resources */,
				551D61B22B4E27ED0066F1F1 /* Localizable.strings in Resources */,
				55E387C32B48CDF200147F6B /* Assets.xcassets in Resources */,
			);
			runOnlyForDeploymentPostprocessing = 0;
		};
		55E387C92B48CDF200147F6B /* Resources */ = {
			isa = PBXResourcesBuildPhase;
			buildActionMask = 2147483647;
			files = (
			);
			runOnlyForDeploymentPostprocessing = 0;
		};
		55E387D32B48CDF200147F6B /* Resources */ = {
			isa = PBXResourcesBuildPhase;
			buildActionMask = 2147483647;
			files = (
			);
			runOnlyForDeploymentPostprocessing = 0;
		};
/* End PBXResourcesBuildPhase section */

/* Begin PBXSourcesBuildPhase section */
		55E387B72B48CDF100147F6B /* Sources */ = {
			isa = PBXSourcesBuildPhase;
			buildActionMask = 2147483647;
			files = (
				551D61C82B4E4F150066F1F1 /* SettingsModalView.swift in Sources */,
				551D61CA2B4E56670066F1F1 /* AppAppearanceManager.swift in Sources */,
				551D61C12B4E2E250066F1F1 /* AppVersionManager.swift in Sources */,
				551D61C62B4E4ED20066F1F1 /* NewCategoryModalView.swift in Sources */,
				55E387C12B48CDF100147F6B /* ContentView.swift in Sources */,
				55E387BF2B48CDF100147F6B /* QuantifyApp.swift in Sources */,
				551D61CD2B4E59150066F1F1 /* ThemeChangeView.swift in Sources */,
				551D61BE2B4E2C2A0066F1F1 /* UpdateModalView.swift in Sources */,
				551D61C32B4E3DD30066F1F1 /* CategoryView.swift in Sources */,
				55BB4E932B4E67AD00836422 /* LanguageManager.swift in Sources */,
			);
			runOnlyForDeploymentPostprocessing = 0;
		};
		55E387C72B48CDF200147F6B /* Sources */ = {
			isa = PBXSourcesBuildPhase;
			buildActionMask = 2147483647;
			files = (
				55E387D02B48CDF200147F6B /* QuantifyTests.swift in Sources */,
			);
			runOnlyForDeploymentPostprocessing = 0;
		};
		55E387D12B48CDF200147F6B /* Sources */ = {
			isa = PBXSourcesBuildPhase;
			buildActionMask = 2147483647;
			files = (
				55E387DC2B48CDF200147F6B /* QuantifyUITestsLaunchTests.swift in Sources */,
				55E387DA2B48CDF200147F6B /* QuantifyUITests.swift in Sources */,
			);
			runOnlyForDeploymentPostprocessing = 0;
		};
/* End PBXSourcesBuildPhase section */

/* Begin PBXTargetDependency section */
		55E387CD2B48CDF200147F6B /* PBXTargetDependency */ = {
			isa = PBXTargetDependency;
			target = 55E387BA2B48CDF100147F6B /* Quantify */;
			targetProxy = 55E387CC2B48CDF200147F6B /* PBXContainerItemProxy */;
		};
		55E387D72B48CDF200147F6B /* PBXTargetDependency */ = {
			isa = PBXTargetDependency;
			target = 55E387BA2B48CDF100147F6B /* Quantify */;
			targetProxy = 55E387D62B48CDF200147F6B /* PBXContainerItemProxy */;
		};
/* End PBXTargetDependency section */

/* Begin PBXVariantGroup section */
		551D61B02B4E27ED0066F1F1 /* Localizable.strings */ = {
			isa = PBXVariantGroup;
			children = (
				551D61B12B4E27ED0066F1F1 /* en */,
			);
			name = Localizable.strings;
			sourceTree = "<group>";
		};
		551D61B52B4E28340066F1F1 /* Localizable.strings */ = {
			isa = PBXVariantGroup;
			children = (
				551D61B62B4E28340066F1F1 /* de */,
			);
			name = Localizable.strings;
			sourceTree = "<group>";
		};
		551D61B82B4E28450066F1F1 /* Localizable.strings */ = {
			isa = PBXVariantGroup;
			children = (
				551D61B92B4E28450066F1F1 /* hu */,
			);
			name = Localizable.strings;
			sourceTree = "<group>";
		};
/* End PBXVariantGroup section */

/* Begin XCBuildConfiguration section */
		55E387DD2B48CDF200147F6B /* Debug */ = {
			isa = XCBuildConfiguration;
			buildSettings = {
				ALWAYS_SEARCH_USER_PATHS = NO;
				ASSETCATALOG_COMPILER_GENERATE_SWIFT_ASSET_SYMBOL_EXTENSIONS = YES;
				CLANG_ANALYZER_NONNULL = YES;
				CLANG_ANALYZER_NUMBER_OBJECT_CONVERSION = YES_AGGRESSIVE;
				CLANG_CXX_LANGUAGE_STANDARD = "gnu++20";
				CLANG_ENABLE_MODULES = YES;
				CLANG_ENABLE_OBJC_ARC = YES;
				CLANG_ENABLE_OBJC_WEAK = YES;
				CLANG_WARN_BLOCK_CAPTURE_AUTORELEASING = YES;
				CLANG_WARN_BOOL_CONVERSION = YES;
				CLANG_WARN_COMMA = YES;
				CLANG_WARN_CONSTANT_CONVERSION = YES;
				CLANG_WARN_DEPRECATED_OBJC_IMPLEMENTATIONS = YES;
				CLANG_WARN_DIRECT_OBJC_ISA_USAGE = YES_ERROR;
				CLANG_WARN_DOCUMENTATION_COMMENTS = YES;
				CLANG_WARN_EMPTY_BODY = YES;
				CLANG_WARN_ENUM_CONVERSION = YES;
				CLANG_WARN_INFINITE_RECURSION = YES;
				CLANG_WARN_INT_CONVERSION = YES;
				CLANG_WARN_NON_LITERAL_NULL_CONVERSION = YES;
				CLANG_WARN_OBJC_IMPLICIT_RETAIN_SELF = YES;
				CLANG_WARN_OBJC_LITERAL_CONVERSION = YES;
				CLANG_WARN_OBJC_ROOT_CLASS = YES_ERROR;
				CLANG_WARN_QUOTED_INCLUDE_IN_FRAMEWORK_HEADER = YES;
				CLANG_WARN_RANGE_LOOP_ANALYSIS = YES;
				CLANG_WARN_STRICT_PROTOTYPES = YES;
				CLANG_WARN_SUSPICIOUS_MOVE = YES;
				CLANG_WARN_UNGUARDED_AVAILABILITY = YES_AGGRESSIVE;
				CLANG_WARN_UNREACHABLE_CODE = YES;
				CLANG_WARN__DUPLICATE_METHOD_MATCH = YES;
				COPY_PHASE_STRIP = NO;
				DEBUG_INFORMATION_FORMAT = dwarf;
				ENABLE_STRICT_OBJC_MSGSEND = YES;
				ENABLE_TESTABILITY = YES;
				ENABLE_USER_SCRIPT_SANDBOXING = YES;
				GCC_C_LANGUAGE_STANDARD = gnu17;
				GCC_DYNAMIC_NO_PIC = NO;
				GCC_NO_COMMON_BLOCKS = YES;
				GCC_OPTIMIZATION_LEVEL = 0;
				GCC_PREPROCESSOR_DEFINITIONS = (
					"DEBUG=1",
					"$(inherited)",
				);
				GCC_WARN_64_TO_32_BIT_CONVERSION = YES;
				GCC_WARN_ABOUT_RETURN_TYPE = YES_ERROR;
				GCC_WARN_UNDECLARED_SELECTOR = YES;
				GCC_WARN_UNINITIALIZED_AUTOS = YES_AGGRESSIVE;
				GCC_WARN_UNUSED_FUNCTION = YES;
				GCC_WARN_UNUSED_VARIABLE = YES;
				IPHONEOS_DEPLOYMENT_TARGET = 17.2;
				LOCALIZATION_PREFERS_STRING_CATALOGS = YES;
				MTL_ENABLE_DEBUG_INFO = INCLUDE_SOURCE;
				MTL_FAST_MATH = YES;
				ONLY_ACTIVE_ARCH = YES;
				SDKROOT = iphoneos;
				SWIFT_ACTIVE_COMPILATION_CONDITIONS = "DEBUG $(inherited)";
				SWIFT_OPTIMIZATION_LEVEL = "-Onone";
			};
			name = Debug;
		};
		55E387DE2B48CDF200147F6B /* Release */ = {
			isa = XCBuildConfiguration;
			buildSettings = {
				ALWAYS_SEARCH_USER_PATHS = NO;
				ASSETCATALOG_COMPILER_GENERATE_SWIFT_ASSET_SYMBOL_EXTENSIONS = YES;
				CLANG_ANALYZER_NONNULL = YES;
				CLANG_ANALYZER_NUMBER_OBJECT_CONVERSION = YES_AGGRESSIVE;
				CLANG_CXX_LANGUAGE_STANDARD = "gnu++20";
				CLANG_ENABLE_MODULES = YES;
				CLANG_ENABLE_OBJC_ARC = YES;
				CLANG_ENABLE_OBJC_WEAK = YES;
				CLANG_WARN_BLOCK_CAPTURE_AUTORELEASING = YES;
				CLANG_WARN_BOOL_CONVERSION = YES;
				CLANG_WARN_COMMA = YES;
				CLANG_WARN_CONSTANT_CONVERSION = YES;
				CLANG_WARN_DEPRECATED_OBJC_IMPLEMENTATIONS = YES;
				CLANG_WARN_DIRECT_OBJC_ISA_USAGE = YES_ERROR;
				CLANG_WARN_DOCUMENTATION_COMMENTS = YES;
				CLANG_WARN_EMPTY_BODY = YES;
				CLANG_WARN_ENUM_CONVERSION = YES;
				CLANG_WARN_INFINITE_RECURSION = YES;
				CLANG_WARN_INT_CONVERSION = YES;
				CLANG_WARN_NON_LITERAL_NULL_CONVERSION = YES;
				CLANG_WARN_OBJC_IMPLICIT_RETAIN_SELF = YES;
				CLANG_WARN_OBJC_LITERAL_CONVERSION = YES;
				CLANG_WARN_OBJC_ROOT_CLASS = YES_ERROR;
				CLANG_WARN_QUOTED_INCLUDE_IN_FRAMEWORK_HEADER = YES;
				CLANG_WARN_RANGE_LOOP_ANALYSIS = YES;
				CLANG_WARN_STRICT_PROTOTYPES = YES;
				CLANG_WARN_SUSPICIOUS_MOVE = YES;
				CLANG_WARN_UNGUARDED_AVAILABILITY = YES_AGGRESSIVE;
				CLANG_WARN_UNREACHABLE_CODE = YES;
				CLANG_WARN__DUPLICATE_METHOD_MATCH = YES;
				COPY_PHASE_STRIP = NO;
				DEBUG_INFORMATION_FORMAT = "dwarf-with-dsym";
				ENABLE_NS_ASSERTIONS = NO;
				ENABLE_STRICT_OBJC_MSGSEND = YES;
				ENABLE_USER_SCRIPT_SANDBOXING = YES;
				GCC_C_LANGUAGE_STANDARD = gnu17;
				GCC_NO_COMMON_BLOCKS = YES;
				GCC_WARN_64_TO_32_BIT_CONVERSION = YES;
				GCC_WARN_ABOUT_RETURN_TYPE = YES_ERROR;
				GCC_WARN_UNDECLARED_SELECTOR = YES;
				GCC_WARN_UNINITIALIZED_AUTOS = YES_AGGRESSIVE;
				GCC_WARN_UNUSED_FUNCTION = YES;
				GCC_WARN_UNUSED_VARIABLE = YES;
				IPHONEOS_DEPLOYMENT_TARGET = 17.2;
				LOCALIZATION_PREFERS_STRING_CATALOGS = YES;
				MTL_ENABLE_DEBUG_INFO = NO;
				MTL_FAST_MATH = YES;
				SDKROOT = iphoneos;
				SWIFT_COMPILATION_MODE = wholemodule;
				VALIDATE_PRODUCT = YES;
			};
			name = Release;
		};
		55E387E02B48CDF200147F6B /* Debug */ = {
			isa = XCBuildConfiguration;
			buildSettings = {
				ASSETCATALOG_COMPILER_APPICON_NAME = AppIcon;
				ASSETCATALOG_COMPILER_GLOBAL_ACCENT_COLOR_NAME = AccentColor;
				CODE_SIGN_STYLE = Automatic;
				CURRENT_PROJECT_VERSION = 1;
				DEVELOPMENT_ASSET_PATHS = "\"Quantify/Preview Content\"";
				DEVELOPMENT_TEAM = JD2244SW57;
				ENABLE_PREVIEWS = YES;
				GENERATE_INFOPLIST_FILE = YES;
				INFOPLIST_KEY_CFBundleDisplayName = "Quantify - Count everything!";
				INFOPLIST_KEY_LSApplicationCategoryType = "public.app-category.productivity";
				INFOPLIST_KEY_UIApplicationSceneManifest_Generation = YES;
				INFOPLIST_KEY_UIApplicationSupportsIndirectInputEvents = YES;
				INFOPLIST_KEY_UILaunchScreen_Generation = YES;
				INFOPLIST_KEY_UISupportedInterfaceOrientations_iPad = "UIInterfaceOrientationPortrait UIInterfaceOrientationPortraitUpsideDown UIInterfaceOrientationLandscapeLeft UIInterfaceOrientationLandscapeRight";
				INFOPLIST_KEY_UISupportedInterfaceOrientations_iPhone = "UIInterfaceOrientationPortrait UIInterfaceOrientationLandscapeLeft UIInterfaceOrientationLandscapeRight";
				LD_RUNPATH_SEARCH_PATHS = (
					"$(inherited)",
					"@executable_path/Frameworks",
				);
				MARKETING_VERSION = 1.1;
				PRODUCT_BUNDLE_IDENTIFIER = com.redeagle.Quantify;
				PRODUCT_NAME = "$(TARGET_NAME)";
				SWIFT_EMIT_LOC_STRINGS = YES;
				SWIFT_VERSION = 5.0;
				TARGETED_DEVICE_FAMILY = "1,2";
			};
			name = Debug;
		};
		55E387E12B48CDF200147F6B /* Release */ = {
			isa = XCBuildConfiguration;
			buildSettings = {
				ASSETCATALOG_COMPILER_APPICON_NAME = AppIcon;
				ASSETCATALOG_COMPILER_GLOBAL_ACCENT_COLOR_NAME = AccentColor;
				CODE_SIGN_STYLE = Automatic;
				CURRENT_PROJECT_VERSION = 1;
				DEVELOPMENT_ASSET_PATHS = "\"Quantify/Preview Content\"";
				DEVELOPMENT_TEAM = JD2244SW57;
				ENABLE_PREVIEWS = YES;
				GENERATE_INFOPLIST_FILE = YES;
				INFOPLIST_KEY_CFBundleDisplayName = "Quantify - Count everything!";
				INFOPLIST_KEY_LSApplicationCategoryType = "public.app-category.productivity";
				INFOPLIST_KEY_UIApplicationSceneManifest_Generation = YES;
				INFOPLIST_KEY_UIApplicationSupportsIndirectInputEvents = YES;
				INFOPLIST_KEY_UILaunchScreen_Generation = YES;
				INFOPLIST_KEY_UISupportedInterfaceOrientations_iPad = "UIInterfaceOrientationPortrait UIInterfaceOrientationPortraitUpsideDown UIInterfaceOrientationLandscapeLeft UIInterfaceOrientationLandscapeRight";
				INFOPLIST_KEY_UISupportedInterfaceOrientations_iPhone = "UIInterfaceOrientationPortrait UIInterfaceOrientationLandscapeLeft UIInterfaceOrientationLandscapeRight";
				LD_RUNPATH_SEARCH_PATHS = (
					"$(inherited)",
					"@executable_path/Frameworks",
				);
				MARKETING_VERSION = 1.1;
				PRODUCT_BUNDLE_IDENTIFIER = com.redeagle.Quantify;
				PRODUCT_NAME = "$(TARGET_NAME)";
				SWIFT_EMIT_LOC_STRINGS = YES;
				SWIFT_VERSION = 5.0;
				TARGETED_DEVICE_FAMILY = "1,2";
			};
			name = Release;
		};
		55E387E32B48CDF200147F6B /* Debug */ = {
			isa = XCBuildConfiguration;
			buildSettings = {
				ALWAYS_EMBED_SWIFT_STANDARD_LIBRARIES = YES;
				BUNDLE_LOADER = "$(TEST_HOST)";
				CODE_SIGN_STYLE = Automatic;
				CURRENT_PROJECT_VERSION = 1;
				DEVELOPMENT_TEAM = JD2244SW57;
				GENERATE_INFOPLIST_FILE = YES;
				IPHONEOS_DEPLOYMENT_TARGET = 17.2;
				MARKETING_VERSION = 1.0;
				PRODUCT_BUNDLE_IDENTIFIER = com.redeagle.CountingTests;
				PRODUCT_NAME = "$(TARGET_NAME)";
				SWIFT_EMIT_LOC_STRINGS = NO;
				SWIFT_VERSION = 5.0;
				TARGETED_DEVICE_FAMILY = "1,2";
				TEST_HOST = "$(BUILT_PRODUCTS_DIR)/Quantify.app/$(BUNDLE_EXECUTABLE_FOLDER_PATH)/Quantify";
			};
			name = Debug;
		};
		55E387E42B48CDF200147F6B /* Release */ = {
			isa = XCBuildConfiguration;
			buildSettings = {
				ALWAYS_EMBED_SWIFT_STANDARD_LIBRARIES = YES;
				BUNDLE_LOADER = "$(TEST_HOST)";
				CODE_SIGN_STYLE = Automatic;
				CURRENT_PROJECT_VERSION = 1;
				DEVELOPMENT_TEAM = JD2244SW57;
				GENERATE_INFOPLIST_FILE = YES;
				IPHONEOS_DEPLOYMENT_TARGET = 17.2;
				MARKETING_VERSION = 1.0;
				PRODUCT_BUNDLE_IDENTIFIER = com.redeagle.CountingTests;
				PRODUCT_NAME = "$(TARGET_NAME)";
				SWIFT_EMIT_LOC_STRINGS = NO;
				SWIFT_VERSION = 5.0;
				TARGETED_DEVICE_FAMILY = "1,2";
				TEST_HOST = "$(BUILT_PRODUCTS_DIR)/Quantify.app/$(BUNDLE_EXECUTABLE_FOLDER_PATH)/Quantify";
			};
			name = Release;
		};
		55E387E62B48CDF200147F6B /* Debug */ = {
			isa = XCBuildConfiguration;
			buildSettings = {
				ALWAYS_EMBED_SWIFT_STANDARD_LIBRARIES = YES;
				CODE_SIGN_STYLE = Automatic;
				CURRENT_PROJECT_VERSION = 1;
				DEVELOPMENT_TEAM = JD2244SW57;
				GENERATE_INFOPLIST_FILE = YES;
				MARKETING_VERSION = 1.0;
				PRODUCT_BUNDLE_IDENTIFIER = com.redeagle.CountingUITests;
				PRODUCT_NAME = "$(TARGET_NAME)";
				SWIFT_EMIT_LOC_STRINGS = NO;
				SWIFT_VERSION = 5.0;
				TARGETED_DEVICE_FAMILY = "1,2";
				TEST_TARGET_NAME = Counting;
			};
			name = Debug;
		};
		55E387E72B48CDF200147F6B /* Release */ = {
			isa = XCBuildConfiguration;
			buildSettings = {
				ALWAYS_EMBED_SWIFT_STANDARD_LIBRARIES = YES;
				CODE_SIGN_STYLE = Automatic;
				CURRENT_PROJECT_VERSION = 1;
				DEVELOPMENT_TEAM = JD2244SW57;
				GENERATE_INFOPLIST_FILE = YES;
				MARKETING_VERSION = 1.0;
				PRODUCT_BUNDLE_IDENTIFIER = com.redeagle.CountingUITests;
				PRODUCT_NAME = "$(TARGET_NAME)";
				SWIFT_EMIT_LOC_STRINGS = NO;
				SWIFT_VERSION = 5.0;
				TARGETED_DEVICE_FAMILY = "1,2";
				TEST_TARGET_NAME = Counting;
			};
			name = Release;
		};
/* End XCBuildConfiguration section */

/* Begin XCConfigurationList section */
		55E387B62B48CDF100147F6B /* Build configuration list for PBXProject "Quantify" */ = {
			isa = XCConfigurationList;
			buildConfigurations = (
				55E387DD2B48CDF200147F6B /* Debug */,
				55E387DE2B48CDF200147F6B /* Release */,
			);
			defaultConfigurationIsVisible = 0;
			defaultConfigurationName = Release;
		};
		55E387DF2B48CDF200147F6B /* Build configuration list for PBXNativeTarget "Quantify" */ = {
			isa = XCConfigurationList;
			buildConfigurations = (
				55E387E02B48CDF200147F6B /* Debug */,
				55E387E12B48CDF200147F6B /* Release */,
			);
			defaultConfigurationIsVisible = 0;
			defaultConfigurationName = Release;
		};
		55E387E22B48CDF200147F6B /* Build configuration list for PBXNativeTarget "QuantifyTests" */ = {
			isa = XCConfigurationList;
			buildConfigurations = (
				55E387E32B48CDF200147F6B /* Debug */,
				55E387E42B48CDF200147F6B /* Release */,
			);
			defaultConfigurationIsVisible = 0;
			defaultConfigurationName = Release;
		};
		55E387E52B48CDF200147F6B /* Build configuration list for PBXNativeTarget "QuantifyUITests" */ = {
			isa = XCConfigurationList;
			buildConfigurations = (
				55E387E62B48CDF200147F6B /* Debug */,
				55E387E72B48CDF200147F6B /* Release */,
			);
			defaultConfigurationIsVisible = 0;
			defaultConfigurationName = Release;
		};
/* End XCConfigurationList section */
	};
	rootObject = 55E387B32B48CDF100147F6B /* Project object */;
}
