// !$*UTF8*$!
{
	archiveVersion = 1;
	classes = {
	};
	objectVersion = 56;
	objects = {

/* Begin PBXBuildFile section */
		551D61B22B4E27ED0066F1F1 /* Localizable.strings in Resources */ = {isa = PBXBuildFile; fileRef = 551D61B02B4E27ED0066F1F1 /* Localizable.strings */; };
		551D61B72B4E28340066F1F1 /* Localizable.strings in Resources */ = {isa = PBXBuildFile; fileRef = 551D61B52B4E28340066F1F1 /* Localizable.strings */; };
		551D61BA2B4E28450066F1F1 /* Localizable.strings in Resources */ = {isa = PBXBuildFile; fileRef = 551D61B82B4E28450066F1F1 /* Localizable.strings */; };
		551D61BE2B4E2C2A0066F1F1 /* OnboardingView.swift in Sources */ = {isa = PBXBuildFile; fileRef = 551D61BD2B4E2C2A0066F1F1 /* OnboardingView.swift */; };
		551D61C12B4E2E250066F1F1 /* AppVersionManager.swift in Sources */ = {isa = PBXBuildFile; fileRef = 551D61C02B4E2E250066F1F1 /* AppVersionManager.swift */; };
		551D61C32B4E3DD30066F1F1 /* CategoryView.swift in Sources */ = {isa = PBXBuildFile; fileRef = 551D61C22B4E3DD30066F1F1 /* CategoryView.swift */; };
		551D61C62B4E4ED20066F1F1 /* NewCategoryModalView.swift in Sources */ = {isa = PBXBuildFile; fileRef = 551D61C52B4E4ED20066F1F1 /* NewCategoryModalView.swift */; };
		551D61CD2B4E59150066F1F1 /* ChangeThemeView.swift in Sources */ = {isa = PBXBuildFile; fileRef = 551D61CC2B4E59150066F1F1 /* ChangeThemeView.swift */; };
		559C05952B632CFE0023F67E /* MCEmojiPicker in Frameworks */ = {isa = PBXBuildFile; productRef = 559C05942B632CFE0023F67E /* MCEmojiPicker */; };
		55BB4E962B4EE46400836422 /* SettingsView.swift in Sources */ = {isa = PBXBuildFile; fileRef = 55BB4E952B4EE46400836422 /* SettingsView.swift */; };
		55BB4E982B4F4ACF00836422 /* BugFixModal.swift in Sources */ = {isa = PBXBuildFile; fileRef = 55BB4E972B4F4ACF00836422 /* BugFixModal.swift */; };
		55BB4E9A2B4F4E5600836422 /* AboutView.swift in Sources */ = {isa = PBXBuildFile; fileRef = 55BB4E992B4F4E5600836422 /* AboutView.swift */; };
		55E387BF2B48CDF100147F6B /* QuantifyApp.swift in Sources */ = {isa = PBXBuildFile; fileRef = 55E387BE2B48CDF100147F6B /* QuantifyApp.swift */; };
		55E387C12B48CDF100147F6B /* ContentView.swift in Sources */ = {isa = PBXBuildFile; fileRef = 55E387C02B48CDF100147F6B /* ContentView.swift */; };
		55E387C32B48CDF200147F6B /* Assets.xcassets in Resources */ = {isa = PBXBuildFile; fileRef = 55E387C22B48CDF200147F6B /* Assets.xcassets */; };
		55E387C62B48CDF200147F6B /* Preview Assets.xcassets in Resources */ = {isa = PBXBuildFile; fileRef = 55E387C52B48CDF200147F6B /* Preview Assets.xcassets */; };
/* End PBXBuildFile section */

/* Begin PBXFileReference section */
		551D61B92B4E28450066F1F1 /* hu */ = {isa = PBXFileReference; lastKnownFileType = text.plist.strings; name = hu; path = Localizable.strings; sourceTree = "<group>"; };
		551D61BD2B4E2C2A0066F1F1 /* OnboardingView.swift */ = {isa = PBXFileReference; lastKnownFileType = sourcecode.swift; path = OnboardingView.swift; sourceTree = "<group>"; };
		551D61C02B4E2E250066F1F1 /* AppVersionManager.swift */ = {isa = PBXFileReference; lastKnownFileType = sourcecode.swift; path = AppVersionManager.swift; sourceTree = "<group>"; };
		551D61C22B4E3DD30066F1F1 /* CategoryView.swift */ = {isa = PBXFileReference; lastKnownFileType = sourcecode.swift; path = CategoryView.swift; sourceTree = "<group>"; };
		551D61C52B4E4ED20066F1F1 /* NewCategoryModalView.swift */ = {isa = PBXFileReference; lastKnownFileType = sourcecode.swift; path = NewCategoryModalView.swift; sourceTree = "<group>"; };
		551D61CC2B4E59150066F1F1 /* ChangeThemeView.swift */ = {isa = PBXFileReference; lastKnownFileType = sourcecode.swift; path = ChangeThemeView.swift; sourceTree = "<group>"; };
		55BB4E952B4EE46400836422 /* SettingsView.swift */ = {isa = PBXFileReference; lastKnownFileType = sourcecode.swift; path = SettingsView.swift; sourceTree = "<group>"; };
		55BB4E972B4F4ACF00836422 /* BugFixModal.swift */ = {isa = PBXFileReference; lastKnownFileType = sourcecode.swift; path = BugFixModal.swift; sourceTree = "<group>"; };
		55BB4E992B4F4E5600836422 /* AboutView.swift */ = {isa = PBXFileReference; lastKnownFileType = sourcecode.swift; path = AboutView.swift; sourceTree = "<group>"; };
		55BB4EA12B4F532D00836422 /* en */ = {isa = PBXFileReference; lastKnownFileType = text.plist.strings; name = en; path = Localizable.strings; sourceTree = "<group>"; };
		55BB4EA22B4F532D00836422 /* de */ = {isa = PBXFileReference; lastKnownFileType = text.plist.strings; name = de; path = Localizable.strings; sourceTree = "<group>"; };
		55E387BB2B48CDF100147F6B /* Quantify.app */ = {isa = PBXFileReference; explicitFileType = wrapper.application; includeInIndex = 0; path = Quantify.app; sourceTree = BUILT_PRODUCTS_DIR; };
		55E387BE2B48CDF100147F6B /* QuantifyApp.swift */ = {isa = PBXFileReference; lastKnownFileType = sourcecode.swift; path = QuantifyApp.swift; sourceTree = "<group>"; };
		55E387C02B48CDF100147F6B /* ContentView.swift */ = {isa = PBXFileReference; lastKnownFileType = sourcecode.swift; path = ContentView.swift; sourceTree = "<group>"; };
		55E387C22B48CDF200147F6B /* Assets.xcassets */ = {isa = PBXFileReference; lastKnownFileType = folder.assetcatalog; path = Assets.xcassets; sourceTree = "<group>"; };
		55E387C52B48CDF200147F6B /* Preview Assets.xcassets */ = {isa = PBXFileReference; lastKnownFileType = folder.assetcatalog; path = "Preview Assets.xcassets"; sourceTree = "<group>"; };
/* End PBXFileReference section */

/* Begin PBXFrameworksBuildPhase section */
		55E387B82B48CDF100147F6B /* Frameworks */ = {
			isa = PBXFrameworksBuildPhase;
			buildActionMask = 2147483647;
			files = (
				559C05952B632CFE0023F67E /* MCEmojiPicker in Frameworks */,
			);
			runOnlyForDeploymentPostprocessing = 0;
		};
/* End PBXFrameworksBuildPhase section */

/* Begin PBXGroup section */
		551683D22B633A48005CC833 /* Settings */ = {
			isa = PBXGroup;
			children = (
				551683D52B633AF0005CC833 /* PatchNotes */,
				551683D42B633AC1005CC833 /* ChangeTheme */,
				551683D32B633A76005CC833 /* About */,
				55BB4E952B4EE46400836422 /* SettingsView.swift */,
			);
			path = Settings;
			sourceTree = "<group>";
		};
		551683D32B633A76005CC833 /* About */ = {
			isa = PBXGroup;
			children = (
				55BB4E992B4F4E5600836422 /* AboutView.swift */,
			);
			path = About;
			sourceTree = "<group>";
		};
		551683D42B633AC1005CC833 /* ChangeTheme */ = {
			isa = PBXGroup;
			children = (
				551D61CC2B4E59150066F1F1 /* ChangeThemeView.swift */,
			);
			path = ChangeTheme;
			sourceTree = "<group>";
		};
		551683D52B633AF0005CC833 /* PatchNotes */ = {
			isa = PBXGroup;
			children = (
				55BB4E972B4F4ACF00836422 /* BugFixModal.swift */,
			);
			path = PatchNotes;
			sourceTree = "<group>";
		};
		551683D62B633B73005CC833 /* Onboarding */ = {
			isa = PBXGroup;
			children = (
				551D61BD2B4E2C2A0066F1F1 /* OnboardingView.swift */,
			);
			path = Onboarding;
			sourceTree = "<group>";
		};
		551683D72B633B9F005CC833 /* Category */ = {
			isa = PBXGroup;
			children = (
				551D61C52B4E4ED20066F1F1 /* NewCategoryModalView.swift */,
				551D61C22B4E3DD30066F1F1 /* CategoryView.swift */,
			);
			path = Category;
			sourceTree = "<group>";
		};
		551D61AE2B4E27A20066F1F1 /* localizations */ = {
			isa = PBXGroup;
			children = (
				551D61B42B4E280E0066F1F1 /* hu.lproj */,
				551D61B32B4E27FD0066F1F1 /* de.lproj */,
				551D61AF2B4E27B80066F1F1 /* en.lproj */,
			);
			path = localizations;
			sourceTree = "<group>";
		};
		551D61AF2B4E27B80066F1F1 /* en.lproj */ = {
			isa = PBXGroup;
			children = (
				551D61B02B4E27ED0066F1F1 /* Localizable.strings */,
			);
			path = en.lproj;
			sourceTree = "<group>";
		};
		551D61B32B4E27FD0066F1F1 /* de.lproj */ = {
			isa = PBXGroup;
			children = (
				551D61B52B4E28340066F1F1 /* Localizable.strings */,
			);
			path = de.lproj;
			sourceTree = "<group>";
		};
		551D61B42B4E280E0066F1F1 /* hu.lproj */ = {
			isa = PBXGroup;
			children = (
				551D61B82B4E28450066F1F1 /* Localizable.strings */,
			);
			path = hu.lproj;
			sourceTree = "<group>";
		};
		551D61BC2B4E2C1C0066F1F1 /* Views */ = {
			isa = PBXGroup;
			children = (
				551683D72B633B9F005CC833 /* Category */,
				551683D62B633B73005CC833 /* Onboarding */,
				551683D22B633A48005CC833 /* Settings */,
				55E387C02B48CDF100147F6B /* ContentView.swift */,
			);
			path = Views;
			sourceTree = "<group>";
		};
		551D61BF2B4E2E110066F1F1 /* Utilities */ = {
			isa = PBXGroup;
			children = (
				551D61C02B4E2E250066F1F1 /* AppVersionManager.swift */,
			);
			path = Utilities;
			sourceTree = "<group>";
		};
		55E387B22B48CDF100147F6B = {
			isa = PBXGroup;
			children = (
				551D61BF2B4E2E110066F1F1 /* Utilities */,
				55E387BD2B48CDF100147F6B /* Quantify */,
				55E387BC2B48CDF100147F6B /* Products */,
			);
			sourceTree = "<group>";
		};
		55E387BC2B48CDF100147F6B /* Products */ = {
			isa = PBXGroup;
			children = (
				55E387BB2B48CDF100147F6B /* Quantify.app */,
			);
			name = Products;
			sourceTree = "<group>";
		};
		55E387BD2B48CDF100147F6B /* Quantify */ = {
			isa = PBXGroup;
			children = (
				551D61AE2B4E27A20066F1F1 /* localizations */,
				551D61BC2B4E2C1C0066F1F1 /* Views */,
				55E387BE2B48CDF100147F6B /* QuantifyApp.swift */,
				55E387C22B48CDF200147F6B /* Assets.xcassets */,
				55E387C42B48CDF200147F6B /* Preview Content */,
			);
			path = Quantify;
			sourceTree = "<group>";
		};
		55E387C42B48CDF200147F6B /* Preview Content */ = {
			isa = PBXGroup;
			children = (
				55E387C52B48CDF200147F6B /* Preview Assets.xcassets */,
			);
			path = "Preview Content";
			sourceTree = "<group>";
		};
/* End PBXGroup section */

/* Begin PBXNativeTarget section */
		55E387BA2B48CDF100147F6B /* Quantify */ = {
			isa = PBXNativeTarget;
			buildConfigurationList = 55E387DF2B48CDF200147F6B /* Build configuration list for PBXNativeTarget "Quantify" */;
			buildPhases = (
				55E387B72B48CDF100147F6B /* Sources */,
				55E387B82B48CDF100147F6B /* Frameworks */,
				55E387B92B48CDF100147F6B /* Resources */,
			);
			buildRules = (
			);
			dependencies = (
			);
			name = Quantify;
			packageProductDependencies = (
				559C05942B632CFE0023F67E /* MCEmojiPicker */,
			);
			productName = Counting;
			productReference = 55E387BB2B48CDF100147F6B /* Quantify.app */;
			productType = "com.apple.product-type.application";
		};
/* End PBXNativeTarget section */

/* Begin PBXProject section */
		55E387B32B48CDF100147F6B /* Project object */ = {
			isa = PBXProject;
			attributes = {
				BuildIndependentTargetsInParallel = 1;
				LastSwiftUpdateCheck = 1510;
				LastUpgradeCheck = 1520;
				TargetAttributes = {
					55E387BA2B48CDF100147F6B = {
						CreatedOnToolsVersion = 15.1;
					};
				};
			};
			buildConfigurationList = 55E387B62B48CDF100147F6B /* Build configuration list for PBXProject "Quantify" */;
			compatibilityVersion = "Xcode 14.0";
			developmentRegion = en;
			hasScannedForEncodings = 0;
			knownRegions = (
				en,
				de,
				hu,
				Base,
			);
			mainGroup = 55E387B22B48CDF100147F6B;
			packageReferences = (
				559C05932B632CFE0023F67E /* XCRemoteSwiftPackageReference "MCEmojiPicker" */,
			);
			productRefGroup = 55E387BC2B48CDF100147F6B /* Products */;
			projectDirPath = "";
			projectRoot = "";
			targets = (
				55E387BA2B48CDF100147F6B /* Quantify */,
			);
		};
/* End PBXProject section */

/* Begin PBXResourcesBuildPhase section */
		55E387B92B48CDF100147F6B /* Resources */ = {
			isa = PBXResourcesBuildPhase;
			buildActionMask = 2147483647;
			files = (
				551D61BA2B4E28450066F1F1 /* Localizable.strings in Resources */,
				55E387C62B48CDF200147F6B /* Preview Assets.xcassets in Resources */,
				551D61B72B4E28340066F1F1 /* Localizable.strings in Resources */,
				551D61B22B4E27ED0066F1F1 /* Localizable.strings in Resources */,
				55E387C32B48CDF200147F6B /* Assets.xcassets in Resources */,
			);
			runOnlyForDeploymentPostprocessing = 0;
		};
/* End PBXResourcesBuildPhase section */

/* Begin PBXSourcesBuildPhase section */
		55E387B72B48CDF100147F6B /* Sources */ = {
			isa = PBXSourcesBuildPhase;
			buildActionMask = 2147483647;
			files = (
				551D61C12B4E2E250066F1F1 /* AppVersionManager.swift in Sources */,
				55BB4E9A2B4F4E5600836422 /* AboutView.swift in Sources */,
				551D61C62B4E4ED20066F1F1 /* NewCategoryModalView.swift in Sources */,
				55E387C12B48CDF100147F6B /* ContentView.swift in Sources */,
				55BB4E962B4EE46400836422 /* SettingsView.swift in Sources */,
				55E387BF2B48CDF100147F6B /* QuantifyApp.swift in Sources */,
				551D61CD2B4E59150066F1F1 /* ChangeThemeView.swift in Sources */,
				551D61BE2B4E2C2A0066F1F1 /* OnboardingView.swift in Sources */,
				55BB4E982B4F4ACF00836422 /* BugFixModal.swift in Sources */,
				551D61C32B4E3DD30066F1F1 /* CategoryView.swift in Sources */,
			);
			runOnlyForDeploymentPostprocessing = 0;
		};
/* End PBXSourcesBuildPhase section */

/* Begin PBXVariantGroup section */
		551D61B02B4E27ED0066F1F1 /* Localizable.strings */ = {
			isa = PBXVariantGroup;
			children = (
				55BB4EA12B4F532D00836422 /* en */,
			);
			name = Localizable.strings;
			sourceTree = "<group>";
		};
		551D61B52B4E28340066F1F1 /* Localizable.strings */ = {
			isa = PBXVariantGroup;
			children = (
				55BB4EA22B4F532D00836422 /* de */,
			);
			name = Localizable.strings;
			sourceTree = "<group>";
		};
		551D61B82B4E28450066F1F1 /* Localizable.strings */ = {
			isa = PBXVariantGroup;
			children = (
				551D61B92B4E28450066F1F1 /* hu */,
			);
			name = Localizable.strings;
			sourceTree = "<group>";
		};
/* End PBXVariantGroup section */

/* Begin XCBuildConfiguration section */
		55E387DD2B48CDF200147F6B /* Debug */ = {
			isa = XCBuildConfiguration;
			buildSettings = {
				ALWAYS_SEARCH_USER_PATHS = NO;
				ASSETCATALOG_COMPILER_GENERATE_SWIFT_ASSET_SYMBOL_EXTENSIONS = YES;
				CLANG_ANALYZER_LOCALIZABILITY_NONLOCALIZED = YES;
				CLANG_ANALYZER_NONNULL = YES;
				CLANG_ANALYZER_NUMBER_OBJECT_CONVERSION = YES_AGGRESSIVE;
				CLANG_CXX_LANGUAGE_STANDARD = "gnu++20";
				CLANG_ENABLE_MODULES = YES;
				CLANG_ENABLE_OBJC_ARC = YES;
				CLANG_ENABLE_OBJC_WEAK = YES;
				CLANG_WARN_BLOCK_CAPTURE_AUTORELEASING = YES;
				CLANG_WARN_BOOL_CONVERSION = YES;
				CLANG_WARN_COMMA = YES;
				CLANG_WARN_CONSTANT_CONVERSION = YES;
				CLANG_WARN_DEPRECATED_OBJC_IMPLEMENTATIONS = YES;
				CLANG_WARN_DIRECT_OBJC_ISA_USAGE = YES_ERROR;
				CLANG_WARN_DOCUMENTATION_COMMENTS = YES;
				CLANG_WARN_EMPTY_BODY = YES;
				CLANG_WARN_ENUM_CONVERSION = YES;
				CLANG_WARN_INFINITE_RECURSION = YES;
				CLANG_WARN_INT_CONVERSION = YES;
				CLANG_WARN_NON_LITERAL_NULL_CONVERSION = YES;
				CLANG_WARN_OBJC_IMPLICIT_RETAIN_SELF = YES;
				CLANG_WARN_OBJC_LITERAL_CONVERSION = YES;
				CLANG_WARN_OBJC_ROOT_CLASS = YES_ERROR;
				CLANG_WARN_QUOTED_INCLUDE_IN_FRAMEWORK_HEADER = YES;
				CLANG_WARN_RANGE_LOOP_ANALYSIS = YES;
				CLANG_WARN_STRICT_PROTOTYPES = YES;
				CLANG_WARN_SUSPICIOUS_MOVE = YES;
				CLANG_WARN_UNGUARDED_AVAILABILITY = YES_AGGRESSIVE;
				CLANG_WARN_UNREACHABLE_CODE = YES;
				CLANG_WARN__DUPLICATE_METHOD_MATCH = YES;
				COPY_PHASE_STRIP = NO;
				DEBUG_INFORMATION_FORMAT = dwarf;
				ENABLE_STRICT_OBJC_MSGSEND = YES;
				ENABLE_TESTABILITY = YES;
				ENABLE_USER_SCRIPT_SANDBOXING = YES;
				GCC_C_LANGUAGE_STANDARD = gnu17;
				GCC_DYNAMIC_NO_PIC = NO;
				GCC_NO_COMMON_BLOCKS = YES;
				GCC_OPTIMIZATION_LEVEL = 0;
				GCC_PREPROCESSOR_DEFINITIONS = (
					"DEBUG=1",
					"$(inherited)",
				);
				GCC_WARN_64_TO_32_BIT_CONVERSION = YES;
				GCC_WARN_ABOUT_RETURN_TYPE = YES_ERROR;
				GCC_WARN_UNDECLARED_SELECTOR = YES;
				GCC_WARN_UNINITIALIZED_AUTOS = YES_AGGRESSIVE;
				GCC_WARN_UNUSED_FUNCTION = YES;
				GCC_WARN_UNUSED_VARIABLE = YES;
				IPHONEOS_DEPLOYMENT_TARGET = 17.2;
				LOCALIZATION_PREFERS_STRING_CATALOGS = YES;
				MTL_ENABLE_DEBUG_INFO = INCLUDE_SOURCE;
				MTL_FAST_MATH = YES;
				ONLY_ACTIVE_ARCH = YES;
				SDKROOT = iphoneos;
				SWIFT_ACTIVE_COMPILATION_CONDITIONS = "DEBUG $(inherited)";
				SWIFT_OPTIMIZATION_LEVEL = "-Onone";
			};
			name = Debug;
		};
		55E387DE2B48CDF200147F6B /* Release */ = {
			isa = XCBuildConfiguration;
			buildSettings = {
				ALWAYS_SEARCH_USER_PATHS = NO;
				ASSETCATALOG_COMPILER_GENERATE_SWIFT_ASSET_SYMBOL_EXTENSIONS = YES;
				CLANG_ANALYZER_LOCALIZABILITY_NONLOCALIZED = YES;
				CLANG_ANALYZER_NONNULL = YES;
				CLANG_ANALYZER_NUMBER_OBJECT_CONVERSION = YES_AGGRESSIVE;
				CLANG_CXX_LANGUAGE_STANDARD = "gnu++20";
				CLANG_ENABLE_MODULES = YES;
				CLANG_ENABLE_OBJC_ARC = YES;
				CLANG_ENABLE_OBJC_WEAK = YES;
				CLANG_WARN_BLOCK_CAPTURE_AUTORELEASING = YES;
				CLANG_WARN_BOOL_CONVERSION = YES;
				CLANG_WARN_COMMA = YES;
				CLANG_WARN_CONSTANT_CONVERSION = YES;
				CLANG_WARN_DEPRECATED_OBJC_IMPLEMENTATIONS = YES;
				CLANG_WARN_DIRECT_OBJC_ISA_USAGE = YES_ERROR;
				CLANG_WARN_DOCUMENTATION_COMMENTS = YES;
				CLANG_WARN_EMPTY_BODY = YES;
				CLANG_WARN_ENUM_CONVERSION = YES;
				CLANG_WARN_INFINITE_RECURSION = YES;
				CLANG_WARN_INT_CONVERSION = YES;
				CLANG_WARN_NON_LITERAL_NULL_CONVERSION = YES;
				CLANG_WARN_OBJC_IMPLICIT_RETAIN_SELF = YES;
				CLANG_WARN_OBJC_LITERAL_CONVERSION = YES;
				CLANG_WARN_OBJC_ROOT_CLASS = YES_ERROR;
				CLANG_WARN_QUOTED_INCLUDE_IN_FRAMEWORK_HEADER = YES;
				CLANG_WARN_RANGE_LOOP_ANALYSIS = YES;
				CLANG_WARN_STRICT_PROTOTYPES = YES;
				CLANG_WARN_SUSPICIOUS_MOVE = YES;
				CLANG_WARN_UNGUARDED_AVAILABILITY = YES_AGGRESSIVE;
				CLANG_WARN_UNREACHABLE_CODE = YES;
				CLANG_WARN__DUPLICATE_METHOD_MATCH = YES;
				COPY_PHASE_STRIP = NO;
				DEBUG_INFORMATION_FORMAT = "dwarf-with-dsym";
				ENABLE_NS_ASSERTIONS = NO;
				ENABLE_STRICT_OBJC_MSGSEND = YES;
				ENABLE_USER_SCRIPT_SANDBOXING = YES;
				GCC_C_LANGUAGE_STANDARD = gnu17;
				GCC_NO_COMMON_BLOCKS = YES;
				GCC_WARN_64_TO_32_BIT_CONVERSION = YES;
				GCC_WARN_ABOUT_RETURN_TYPE = YES_ERROR;
				GCC_WARN_UNDECLARED_SELECTOR = YES;
				GCC_WARN_UNINITIALIZED_AUTOS = YES_AGGRESSIVE;
				GCC_WARN_UNUSED_FUNCTION = YES;
				GCC_WARN_UNUSED_VARIABLE = YES;
				IPHONEOS_DEPLOYMENT_TARGET = 17.2;
				LOCALIZATION_PREFERS_STRING_CATALOGS = YES;
				MTL_ENABLE_DEBUG_INFO = NO;
				MTL_FAST_MATH = YES;
				SDKROOT = iphoneos;
				SWIFT_COMPILATION_MODE = wholemodule;
				VALIDATE_PRODUCT = YES;
			};
			name = Release;
		};
		55E387E02B48CDF200147F6B /* Debug */ = {
			isa = XCBuildConfiguration;
			buildSettings = {
				ASSETCATALOG_COMPILER_APPICON_NAME = AppIcon;
				ASSETCATALOG_COMPILER_GLOBAL_ACCENT_COLOR_NAME = AccentColor;
				CODE_SIGN_STYLE = Automatic;
				CURRENT_PROJECT_VERSION = 2024.0126.1;
				DEVELOPMENT_ASSET_PATHS = "\"Quantify/Preview Content\"";
				DEVELOPMENT_TEAM = JD2244SW57;
				ENABLE_PREVIEWS = YES;
				GENERATE_INFOPLIST_FILE = YES;
				INFOPLIST_KEY_CFBundleDisplayName = "Quantify - Count everything!";
				INFOPLIST_KEY_LSApplicationCategoryType = "public.app-category.productivity";
				INFOPLIST_KEY_UIApplicationSceneManifest_Generation = YES;
				INFOPLIST_KEY_UIApplicationSupportsIndirectInputEvents = YES;
				INFOPLIST_KEY_UILaunchScreen_Generation = YES;
				INFOPLIST_KEY_UISupportedInterfaceOrientations_iPad = "UIInterfaceOrientationPortrait UIInterfaceOrientationPortraitUpsideDown UIInterfaceOrientationLandscapeLeft UIInterfaceOrientationLandscapeRight";
				INFOPLIST_KEY_UISupportedInterfaceOrientations_iPhone = "UIInterfaceOrientationPortrait UIInterfaceOrientationLandscapeLeft UIInterfaceOrientationLandscapeRight";
				LD_RUNPATH_SEARCH_PATHS = (
					"$(inherited)",
					"@executable_path/Frameworks",
				);
				MARKETING_VERSION = 1.0;
				PRODUCT_BUNDLE_IDENTIFIER = com.redeagle.Quantify;
				PRODUCT_NAME = "$(TARGET_NAME)";
				SUPPORTED_PLATFORMS = "iphoneos iphonesimulator";
				SUPPORTS_MACCATALYST = NO;
				SUPPORTS_MAC_DESIGNED_FOR_IPHONE_IPAD = NO;
				SUPPORTS_XR_DESIGNED_FOR_IPHONE_IPAD = NO;
				SWIFT_EMIT_LOC_STRINGS = YES;
				SWIFT_VERSION = 5.0;
				TARGETED_DEVICE_FAMILY = "1,2";
			};
			name = Debug;
		};
		55E387E12B48CDF200147F6B /* Release */ = {
			isa = XCBuildConfiguration;
			buildSettings = {
				ASSETCATALOG_COMPILER_APPICON_NAME = AppIcon;
				ASSETCATALOG_COMPILER_GLOBAL_ACCENT_COLOR_NAME = AccentColor;
				CODE_SIGN_STYLE = Automatic;
				CURRENT_PROJECT_VERSION = 2024.0126.1;
				DEVELOPMENT_ASSET_PATHS = "\"Quantify/Preview Content\"";
				DEVELOPMENT_TEAM = JD2244SW57;
				ENABLE_PREVIEWS = YES;
				GENERATE_INFOPLIST_FILE = YES;
				INFOPLIST_KEY_CFBundleDisplayName = "Quantify - Count everything!";
				INFOPLIST_KEY_LSApplicationCategoryType = "public.app-category.productivity";
				INFOPLIST_KEY_UIApplicationSceneManifest_Generation = YES;
				INFOPLIST_KEY_UIApplicationSupportsIndirectInputEvents = YES;
				INFOPLIST_KEY_UILaunchScreen_Generation = YES;
				INFOPLIST_KEY_UISupportedInterfaceOrientations_iPad = "UIInterfaceOrientationPortrait UIInterfaceOrientationPortraitUpsideDown UIInterfaceOrientationLandscapeLeft UIInterfaceOrientationLandscapeRight";
				INFOPLIST_KEY_UISupportedInterfaceOrientations_iPhone = "UIInterfaceOrientationPortrait UIInterfaceOrientationLandscapeLeft UIInterfaceOrientationLandscapeRight";
				LD_RUNPATH_SEARCH_PATHS = (
					"$(inherited)",
					"@executable_path/Frameworks",
				);
				MARKETING_VERSION = 1.0;
				PRODUCT_BUNDLE_IDENTIFIER = com.redeagle.Quantify;
				PRODUCT_NAME = "$(TARGET_NAME)";
				SUPPORTED_PLATFORMS = "iphoneos iphonesimulator";
				SUPPORTS_MACCATALYST = NO;
				SUPPORTS_MAC_DESIGNED_FOR_IPHONE_IPAD = NO;
				SUPPORTS_XR_DESIGNED_FOR_IPHONE_IPAD = NO;
				SWIFT_EMIT_LOC_STRINGS = YES;
				SWIFT_VERSION = 5.0;
				TARGETED_DEVICE_FAMILY = "1,2";
			};
			name = Release;
		};
/* End XCBuildConfiguration section */

/* Begin XCConfigurationList section */
		55E387B62B48CDF100147F6B /* Build configuration list for PBXProject "Quantify" */ = {
			isa = XCConfigurationList;
			buildConfigurations = (
				55E387DD2B48CDF200147F6B /* Debug */,
				55E387DE2B48CDF200147F6B /* Release */,
			);
			defaultConfigurationIsVisible = 0;
			defaultConfigurationName = Release;
		};
		55E387DF2B48CDF200147F6B /* Build configuration list for PBXNativeTarget "Quantify" */ = {
			isa = XCConfigurationList;
			buildConfigurations = (
				55E387E02B48CDF200147F6B /* Debug */,
				55E387E12B48CDF200147F6B /* Release */,
			);
			defaultConfigurationIsVisible = 0;
			defaultConfigurationName = Release;
		};
/* End XCConfigurationList section */

/* Begin XCRemoteSwiftPackageReference section */
		559C05932B632CFE0023F67E /* XCRemoteSwiftPackageReference "MCEmojiPicker" */ = {
			isa = XCRemoteSwiftPackageReference;
			repositoryURL = "https://github.com/izyumkin/MCEmojiPicker";
			requirement = {
				kind = upToNextMinorVersion;
				minimumVersion = 1.2.3;
			};
		};
/* End XCRemoteSwiftPackageReference section */

/* Begin XCSwiftPackageProductDependency section */
		559C05942B632CFE0023F67E /* MCEmojiPicker */ = {
			isa = XCSwiftPackageProductDependency;
			package = 559C05932B632CFE0023F67E /* XCRemoteSwiftPackageReference "MCEmojiPicker" */;
			productName = MCEmojiPicker;
		};
/* End XCSwiftPackageProductDependency section */
	};
	rootObject = 55E387B32B48CDF100147F6B /* Project object */;
}
